
Microsoft Visual Studio Solution File, Format Version 12.00
# Visual Studio 15
VisualStudioVersion = 15.0.28307.329
MinimumVisualStudioVersion = 10.0.40219.1
Project("{FAE04EC0-301F-11D3-BF4B-00C04F79EFBC}") = "Studentdetails", "Studentdetails\Studentdetails.csproj", "{ACF09AD8-99F5-4D01-A477-FAB2BFA8448E}"
EndProject
Global
	GlobalSection(SolutionConfigurationPlatforms) = preSolution
		Debug|Any CPU = Debug|Any CPU
		Release|Any CPU = Release|Any CPU
	EndGlobalSection
	GlobalSection(ProjectConfigurationPlatforms) = postSolution
		{ACF09AD8-99F5-4D01-A477-FAB2BFA8448E}.Debug|Any CPU.ActiveCfg = Debug|Any CPU
		{ACF09AD8-99F5-4D01-A477-FAB2BFA8448E}.Debug|Any CPU.Build.0 = Debug|Any CPU
		{ACF09AD8-99F5-4D01-A477-FAB2BFA8448E}.Release|Any CPU.ActiveCfg = Release|Any CPU
		{ACF09AD8-99F5-4D01-A477-FAB2BFA8448E}.Release|Any CPU.Build.0 = Release|Any CPU
	EndGlobalSection
	GlobalSection(SolutionProperties) = preSolution
		HideSolutionNode = FALSE
	EndGlobalSection
	GlobalSection(ExtensibilityGlobals) = postSolution
		SolutionGuid = {AB413D7B-F1A6-42C0-95F5-D29CAD64360C}
	EndGlobalSection
EndGlobal
